
Microsoft Visual Studio Solution File, Format Version 11.00
# Visual Studio 2010
Project("{FAE04EC0-301F-11D3-BF4B-00C04F79EFBC}") = "BusRouteLondon", "BusRouteLondon\BusRouteLondon.csproj", "{4E1C51F0-1093-42A0-9EFB-35C193454D46}"
EndProject
Project("{FAE04EC0-301F-11D3-BF4B-00C04F79EFBC}") = "BusRouteLondon.Tests", "BusRouteLondon.Tests\BusRouteLondon.Tests.csproj", "{FD3CCB30-4B58-4FA2-9ADA-D34D57CC373E}"
EndProject
Global
	GlobalSection(SolutionConfigurationPlatforms) = preSolution
		Debug|Any CPU = Debug|Any CPU
		Release|Any CPU = Release|Any CPU
	EndGlobalSection
	GlobalSection(ProjectConfigurationPlatforms) = postSolution
		{4E1C51F0-1093-42A0-9EFB-35C193454D46}.Debug|Any CPU.ActiveCfg = Debug|Any CPU
		{4E1C51F0-1093-42A0-9EFB-35C193454D46}.Debug|Any CPU.Build.0 = Debug|Any CPU
		{4E1C51F0-1093-42A0-9EFB-35C193454D46}.Release|Any CPU.ActiveCfg = Release|Any CPU
		{4E1C51F0-1093-42A0-9EFB-35C193454D46}.Release|Any CPU.Build.0 = Release|Any CPU
		{FD3CCB30-4B58-4FA2-9ADA-D34D57CC373E}.Debug|Any CPU.ActiveCfg = Debug|Any CPU
		{FD3CCB30-4B58-4FA2-9ADA-D34D57CC373E}.Debug|Any CPU.Build.0 = Debug|Any CPU
		{FD3CCB30-4B58-4FA2-9ADA-D34D57CC373E}.Release|Any CPU.ActiveCfg = Release|Any CPU
		{FD3CCB30-4B58-4FA2-9ADA-D34D57CC373E}.Release|Any CPU.Build.0 = Release|Any CPU
	EndGlobalSection
	GlobalSection(SolutionProperties) = preSolution
		HideSolutionNode = FALSE
	EndGlobalSection
EndGlobal
